
Microsoft Visual Studio Solution File, Format Version 12.00
# Visual Studio Version 17
VisualStudioVersion = 17.12.35527.113
MinimumVisualStudioVersion = 10.0.40219.1
Project("{FAE04EC0-301F-11D3-BF4B-00C04F79EFBC}") = "TodoApi1", "TodoApi1\TodoApi1.csproj", "{3E65FD06-7937-404B-B23F-4DAC7267902A}"
EndProject
Project("{FAE04EC0-301F-11D3-BF4B-00C04F79EFBC}") = "Todo", "Todo\Todo.csproj", "{F585DB1D-8CE9-4846-971C-C7B367DEF9BB}"
EndProject
Global
	GlobalSection(SolutionConfigurationPlatforms) = preSolution
		Debug|Any CPU = Debug|Any CPU
		Release|Any CPU = Release|Any CPU
	EndGlobalSection
	GlobalSection(ProjectConfigurationPlatforms) = postSolution
		{3E65FD06-7937-404B-B23F-4DAC7267902A}.Debug|Any CPU.ActiveCfg = Debug|Any CPU
		{3E65FD06-7937-404B-B23F-4DAC7267902A}.Debug|Any CPU.Build.0 = Debug|Any CPU
		{3E65FD06-7937-404B-B23F-4DAC7267902A}.Release|Any CPU.ActiveCfg = Release|Any CPU
		{3E65FD06-7937-404B-B23F-4DAC7267902A}.Release|Any CPU.Build.0 = Release|Any CPU
		{F585DB1D-8CE9-4846-971C-C7B367DEF9BB}.Debug|Any CPU.ActiveCfg = Debug|Any CPU
		{F585DB1D-8CE9-4846-971C-C7B367DEF9BB}.Debug|Any CPU.Build.0 = Debug|Any CPU
		{F585DB1D-8CE9-4846-971C-C7B367DEF9BB}.Release|Any CPU.ActiveCfg = Release|Any CPU
		{F585DB1D-8CE9-4846-971C-C7B367DEF9BB}.Release|Any CPU.Build.0 = Release|Any CPU
	EndGlobalSection
	GlobalSection(SolutionProperties) = preSolution
		HideSolutionNode = FALSE
	EndGlobalSection
EndGlobal
